<?xml version="1.0" encoding="utf-8"?>
<Project ToolsVersion="4.0" xmlns="http://schemas.microsoft.com/developer/msbuild/2003">
  <ItemGroup>
    <Filter Include="Source Files">
      <UniqueIdentifier>{4FC737F1-C7A5-4376-A066-2A32D752A2FF}</UniqueIdentifier>
      <Extensions>cpp;c;cc;cxx;c++;cppm;ixx;def;odl;idl;hpj;bat;asm;asmx</Extensions>
    </Filter>
    <Filter Include="Header Files">
      <UniqueIdentifier>{93995380-89BD-4b04-88EB-625FBE52EBFB}</UniqueIdentifier>
      <Extensions>h;hh;hpp;hxx;h++;hm;inl;inc;ipp;xsd</Extensions>
    </Filter>
    <Filter Include="Resource Files">
      <UniqueIdentifier>{67DA6AB6-F800-4c08-8B7A-83BB121AAD01}</UniqueIdentifier>
      <Extensions>rc;ico;cur;bmp;dlg;rc2;rct;bin;rgs;gif;jpg;jpeg;jpe;resx;tiff;tif;png;wav;mfcribbon-ms</Extensions>
    </Filter>
  </ItemGroup>
  <ItemGroup>
    <ClCompile Include="RenderStar\RenderStar.cpp">
      <Filter>Source Files</Filter>
    </ClCompile>
  </ItemGroup>
  <ItemGroup>
    <ClInclude Include="RenderStar\Include\RenderStar\Util\Typedefs.hpp">
      <Filter>Header Files</Filter>
    </ClInclude>
    <ClInclude Include="RenderStar\Include\RenderStar\Util\Core\String.hpp">
      <Filter>Header Files</Filter>
    </ClInclude>
    <ClInclude Include="RenderStar\Include\RenderStar\Util\Core\Vector.hpp">
      <Filter>Header Files</Filter>
    </ClInclude>
    <ClInclude Include="RenderStar\Include\RenderStar\Util\Core\Array.hpp">
      <Filter>Header Files</Filter>
    </ClInclude>
    <ClInclude Include="RenderStar\Include\RenderStar\Util\General\DateTime.hpp">
      <Filter>Header Files</Filter>
    </ClInclude>
    <ClInclude Include="RenderStar\Include\RenderStar\Util\General\Formatter.hpp">
      <Filter>Header Files</Filter>
    </ClInclude>
    <ClInclude Include="RenderStar\Include\RenderStar\Util\Core\Map.hpp">
      <Filter>Header Files</Filter>
    </ClInclude>
    <ClInclude Include="RenderStar\Include\RenderStar\Core\Logger.hpp">
      <Filter>Header Files</Filter>
    </ClInclude>
    <ClInclude Include="RenderStar\Include\RenderStar\Core\Settings.hpp">
      <Filter>Header Files</Filter>
    </ClInclude>
    <ClInclude Include="RenderStar\Include\RenderStar\Engine.hpp">
      <Filter>Header Files</Filter>
    </ClInclude>
    <ClInclude Include="RenderStar\Include\RenderStar\Core\Window.hpp">
      <Filter>Header Files</Filter>
    </ClInclude>
    <ClInclude Include="RenderStar\Include\RenderStar\Math\Vector2.hpp">
      <Filter>Header Files</Filter>
    </ClInclude>
    <ClInclude Include="RenderStar\Include\RenderStar\Math\Vector3.hpp">
      <Filter>Header Files</Filter>
    </ClInclude>
    <ClInclude Include="RenderStar\Include\RenderStar\Math\Vector4.hpp">
      <Filter>Header Files</Filter>
    </ClInclude>
    <ClInclude Include="RenderStar\Include\RenderStar\Math\Quaternion.hpp">
      <Filter>Header Files</Filter>
    </ClInclude>
    <ClInclude Include="RenderStar\Include\RenderStar\Util\General\CommonVersionFormat.hpp">
      <Filter>Header Files</Filter>
    </ClInclude>
    <ClInclude Include="RenderStar\Include\RenderStar\Render\Renderer.hpp">
      <Filter>Header Files</Filter>
    </ClInclude>
    <ClInclude Include="RenderStar\Include\RenderStar\Util\Other\XXMLParser.hpp">
      <Filter>Header Files</Filter>
    </ClInclude>
    <ClInclude Include="RenderStar\Include\RenderStar\Util\Helper\FileHelper.hpp">
      <Filter>Header Files</Filter>
    </ClInclude>
    <ClInclude Include="RenderStar\Include\RenderStar\Render\Vertex.hpp">
      <Filter>Header Files</Filter>
    </ClInclude>
    <ClInclude Include="RenderStar\Include\RenderStar\Render\Mesh.hpp">
      <Filter>Header Files</Filter>
    </ClInclude>
    <ClInclude Include="RenderStar\Include\RenderStar\Render\Shader.hpp">
      <Filter>Header Files</Filter>
    </ClInclude>
    <ClInclude Include="RenderStar\Include\RenderStar\Util\Core\WString.hpp">
      <Filter>Header Files</Filter>
    </ClInclude>
    <ClInclude Include="RenderStar\Include\RenderStar\Util\Other\Manager.hpp">
      <Filter>Header Files</Filter>
    </ClInclude>
    <ClInclude Include="RenderStar\Include\RenderStar\Render\ShaderManager.hpp">
      <Filter>Header Files</Filter>
    </ClInclude>
    <ClInclude Include="RenderStar\Include\RenderStar\Math\Transform.hpp">
      <Filter>Header Files</Filter>
    </ClInclude>
    <ClInclude Include="RenderStar\Include\RenderStar\Render\Camera.hpp">
      <Filter>Header Files</Filter>
    </ClInclude>
    <ClInclude Include="RenderStar\Include\RenderStar\Entity\Entity.hpp">
      <Filter>Header Files</Filter>
    </ClInclude>
    <ClInclude Include="RenderStar\Include\RenderStar\ECS\GameObject.hpp">
      <Filter>Header Files</Filter>
    </ClInclude>
    <ClInclude Include="RenderStar\Include\RenderStar\ECS\Component.hpp">
      <Filter>Header Files</Filter>
    </ClInclude>
    <ClInclude Include="RenderStar\Include\RenderStar\ECS\GameObjectManager.hpp">
      <Filter>Header Files</Filter>
    </ClInclude>
  </ItemGroup>
  <ItemGroup>
    <None Include="Assets\RenderStar\EngineSettings.xxml" />
  </ItemGroup>
  <ItemGroup>
    <FxCompile Include="Assets\RenderStar\Shader\DefaultVertex.hlsl" />
    <FxCompile Include="Assets\RenderStar\Shader\DefaultPixel.hlsl" />
  </ItemGroup>
</Project>